// !$*UTF8*$!
{
	archiveVersion = 1;
	classes = {
	};
	objectVersion = 51;
	objects = {

/* Begin PBXBuildFile section */
		04919D605E35F49E5FC51677 /* Pods_RestAPI_viper_iOS.framework in Frameworks */ = {isa = PBXBuildFile; fileRef = 9742F9C84CB26FF4D2CB6F36 /* Pods_RestAPI_viper_iOS.framework */; };
		F917932F271EAC2600B195C0 /* AppDelegate.swift in Sources */ = {isa = PBXBuildFile; fileRef = F917932E271EAC2600B195C0 /* AppDelegate.swift */; };
		F9179331271EAC2600B195C0 /* SceneDelegate.swift in Sources */ = {isa = PBXBuildFile; fileRef = F9179330271EAC2600B195C0 /* SceneDelegate.swift */; };
		F9179333271EAC2600B195C0 /* ViewController.swift in Sources */ = {isa = PBXBuildFile; fileRef = F9179332271EAC2600B195C0 /* ViewController.swift */; };
		F9179336271EAC2600B195C0 /* Main.storyboard in Resources */ = {isa = PBXBuildFile; fileRef = F9179334271EAC2600B195C0 /* Main.storyboard */; };
		F9179338271EAC2900B195C0 /* Assets.xcassets in Resources */ = {isa = PBXBuildFile; fileRef = F9179337271EAC2900B195C0 /* Assets.xcassets */; };
		F917933B271EAC2900B195C0 /* LaunchScreen.storyboard in Resources */ = {isa = PBXBuildFile; fileRef = F9179339271EAC2900B195C0 /* LaunchScreen.storyboard */; };
		F973A774272164A700F85FF9 /* AppConstants.swift in Sources */ = {isa = PBXBuildFile; fileRef = F973A773272164A700F85FF9 /* AppConstants.swift */; };
		F973A779272164D500F85FF9 /* AppUtils.swift in Sources */ = {isa = PBXBuildFile; fileRef = F973A778272164D500F85FF9 /* AppUtils.swift */; };
		F973A77D2721650200F85FF9 /* ProgressIndicator.swift in Sources */ = {isa = PBXBuildFile; fileRef = F973A77C2721650200F85FF9 /* ProgressIndicator.swift */; };
		F973A792272166CD00F85FF9 /* NoticeRouter.swift in Sources */ = {isa = PBXBuildFile; fileRef = F973A791272166CD00F85FF9 /* NoticeRouter.swift */; };
		F973A797272166E700F85FF9 /* NoticeProtocols.swift in Sources */ = {isa = PBXBuildFile; fileRef = F973A796272166E700F85FF9 /* NoticeProtocols.swift */; };
		F973A79A272166FB00F85FF9 /* NoticePresenter.swift in Sources */ = {isa = PBXBuildFile; fileRef = F973A799272166FB00F85FF9 /* NoticePresenter.swift */; };
		F973A79D2721672300F85FF9 /* NoticeInteractor.swift in Sources */ = {isa = PBXBuildFile; fileRef = F973A79C2721672300F85FF9 /* NoticeInteractor.swift */; };
		F973A7A12721676500F85FF9 /* NoticeModel.swift in Sources */ = {isa = PBXBuildFile; fileRef = F973A7A02721676500F85FF9 /* NoticeModel.swift */; };
/* End PBXBuildFile section */

/* Begin PBXFileReference section */
		1EBAD270DE31ADEE5205078D /* Pods-RestAPI-viper-iOS.debug.xcconfig */ = {isa = PBXFileReference; includeInIndex = 1; lastKnownFileType = text.xcconfig; name = "Pods-RestAPI-viper-iOS.debug.xcconfig"; path = "Target Support Files/Pods-RestAPI-viper-iOS/Pods-RestAPI-viper-iOS.debug.xcconfig"; sourceTree = "<group>"; };
		64F828B42DD863DAE4253FCC /* Pods-RestAPI-viper-iOS.release.xcconfig */ = {isa = PBXFileReference; includeInIndex = 1; lastKnownFileType = text.xcconfig; name = "Pods-RestAPI-viper-iOS.release.xcconfig"; path = "Target Support Files/Pods-RestAPI-viper-iOS/Pods-RestAPI-viper-iOS.release.xcconfig"; sourceTree = "<group>"; };
		9742F9C84CB26FF4D2CB6F36 /* Pods_RestAPI_viper_iOS.framework */ = {isa = PBXFileReference; explicitFileType = wrapper.framework; includeInIndex = 0; path = Pods_RestAPI_viper_iOS.framework; sourceTree = BUILT_PRODUCTS_DIR; };
		F917932B271EAC2600B195C0 /* RestAPI-viper-iOS.app */ = {isa = PBXFileReference; explicitFileType = wrapper.application; includeInIndex = 0; path = "RestAPI-viper-iOS.app"; sourceTree = BUILT_PRODUCTS_DIR; };
		F917932E271EAC2600B195C0 /* AppDelegate.swift */ = {isa = PBXFileReference; lastKnownFileType = sourcecode.swift; path = AppDelegate.swift; sourceTree = "<group>"; };
		F9179330271EAC2600B195C0 /* SceneDelegate.swift */ = {isa = PBXFileReference; lastKnownFileType = sourcecode.swift; path = SceneDelegate.swift; sourceTree = "<group>"; };
		F9179332271EAC2600B195C0 /* ViewController.swift */ = {isa = PBXFileReference; lastKnownFileType = sourcecode.swift; path = ViewController.swift; sourceTree = "<group>"; };
		F9179335271EAC2600B195C0 /* Base */ = {isa = PBXFileReference; lastKnownFileType = file.storyboard; name = Base; path = Base.lproj/Main.storyboard; sourceTree = "<group>"; };
		F9179337271EAC2900B195C0 /* Assets.xcassets */ = {isa = PBXFileReference; lastKnownFileType = folder.assetcatalog; path = Assets.xcassets; sourceTree = "<group>"; };
		F917933A271EAC2900B195C0 /* Base */ = {isa = PBXFileReference; lastKnownFileType = file.storyboard; name = Base; path = Base.lproj/LaunchScreen.storyboard; sourceTree = "<group>"; };
		F917933C271EAC2900B195C0 /* Info.plist */ = {isa = PBXFileReference; lastKnownFileType = text.plist.xml; path = Info.plist; sourceTree = "<group>"; };
		F973A773272164A700F85FF9 /* AppConstants.swift */ = {isa = PBXFileReference; lastKnownFileType = sourcecode.swift; path = AppConstants.swift; sourceTree = "<group>"; };
		F973A778272164D500F85FF9 /* AppUtils.swift */ = {isa = PBXFileReference; lastKnownFileType = sourcecode.swift; path = AppUtils.swift; sourceTree = "<group>"; };
		F973A77C2721650200F85FF9 /* ProgressIndicator.swift */ = {isa = PBXFileReference; lastKnownFileType = sourcecode.swift; path = ProgressIndicator.swift; sourceTree = "<group>"; };
		F973A791272166CD00F85FF9 /* NoticeRouter.swift */ = {isa = PBXFileReference; lastKnownFileType = sourcecode.swift; path = NoticeRouter.swift; sourceTree = "<group>"; };
		F973A796272166E700F85FF9 /* NoticeProtocols.swift */ = {isa = PBXFileReference; lastKnownFileType = sourcecode.swift; path = NoticeProtocols.swift; sourceTree = "<group>"; };
		F973A799272166FB00F85FF9 /* NoticePresenter.swift */ = {isa = PBXFileReference; lastKnownFileType = sourcecode.swift; path = NoticePresenter.swift; sourceTree = "<group>"; };
		F973A79C2721672300F85FF9 /* NoticeInteractor.swift */ = {isa = PBXFileReference; lastKnownFileType = sourcecode.swift; path = NoticeInteractor.swift; sourceTree = "<group>"; };
		F973A7A02721676500F85FF9 /* NoticeModel.swift */ = {isa = PBXFileReference; lastKnownFileType = sourcecode.swift; path = NoticeModel.swift; sourceTree = "<group>"; };
/* End PBXFileReference section */

/* Begin PBXFrameworksBuildPhase section */
		F9179328271EAC2600B195C0 /* Frameworks */ = {
			isa = PBXFrameworksBuildPhase;
			buildActionMask = 2147483647;
			files = (
				04919D605E35F49E5FC51677 /* Pods_RestAPI_viper_iOS.framework in Frameworks */,
			);
			runOnlyForDeploymentPostprocessing = 0;
		};
/* End PBXFrameworksBuildPhase section */

/* Begin PBXGroup section */
		DD683A745C1E0EBF7A6167A2 /* Frameworks */ = {
			isa = PBXGroup;
			children = (
				9742F9C84CB26FF4D2CB6F36 /* Pods_RestAPI_viper_iOS.framework */,
			);
			name = Frameworks;
			sourceTree = "<group>";
		};
		F273E1F401E99623A1A4EA42 /* Pods */ = {
			isa = PBXGroup;
			children = (
				1EBAD270DE31ADEE5205078D /* Pods-RestAPI-viper-iOS.debug.xcconfig */,
				64F828B42DD863DAE4253FCC /* Pods-RestAPI-viper-iOS.release.xcconfig */,
			);
			path = Pods;
			sourceTree = "<group>";
		};
		F9179322271EAC2600B195C0 = {
			isa = PBXGroup;
			children = (
				F917932D271EAC2600B195C0 /* RestAPI-viper-iOS */,
				F917932C271EAC2600B195C0 /* Products */,
				F273E1F401E99623A1A4EA42 /* Pods */,
				DD683A745C1E0EBF7A6167A2 /* Frameworks */,
			);
			sourceTree = "<group>";
		};
		F917932C271EAC2600B195C0 /* Products */ = {
			isa = PBXGroup;
			children = (
				F917932B271EAC2600B195C0 /* RestAPI-viper-iOS.app */,
			);
			name = Products;
			sourceTree = "<group>";
		};
		F917932D271EAC2600B195C0 /* RestAPI-viper-iOS */ = {
			isa = PBXGroup;
			children = (
				F973A781272165C600F85FF9 /* app-modules */,
				F973A7802721655100F85FF9 /* app-ui */,
				F973A77F2721652800F85FF9 /* app-settings */,
				F973A7712721645800F85FF9 /* common-utils */,
				F9179337271EAC2900B195C0 /* Assets.xcassets */,
				F9179339271EAC2900B195C0 /* LaunchScreen.storyboard */,
				F917933C271EAC2900B195C0 /* Info.plist */,
			);
			path = "RestAPI-viper-iOS";
			sourceTree = "<group>";
		};
		F973A7712721645800F85FF9 /* common-utils */ = {
			isa = PBXGroup;
			children = (
				F973A777272164B700F85FF9 /* ui-utils */,
				F973A7722721648700F85FF9 /* app-constants */,
				F973A778272164D500F85FF9 /* AppUtils.swift */,
			);
			path = "common-utils";
			sourceTree = "<group>";
		};
		F973A7722721648700F85FF9 /* app-constants */ = {
			isa = PBXGroup;
			children = (
				F973A773272164A700F85FF9 /* AppConstants.swift */,
			);
			path = "app-constants";
			sourceTree = "<group>";
		};
		F973A777272164B700F85FF9 /* ui-utils */ = {
			isa = PBXGroup;
			children = (
				F973A77C2721650200F85FF9 /* ProgressIndicator.swift */,
			);
			path = "ui-utils";
			sourceTree = "<group>";
		};
		F973A77F2721652800F85FF9 /* app-settings */ = {
			isa = PBXGroup;
			children = (
				F9179330271EAC2600B195C0 /* SceneDelegate.swift */,
				F917932E271EAC2600B195C0 /* AppDelegate.swift */,
			);
			path = "app-settings";
			sourceTree = "<group>";
		};
		F973A7802721655100F85FF9 /* app-ui */ = {
			isa = PBXGroup;
			children = (
				F9179332271EAC2600B195C0 /* ViewController.swift */,
				F9179334271EAC2600B195C0 /* Main.storyboard */,
			);
			path = "app-ui";
			sourceTree = "<group>";
		};
		F973A781272165C600F85FF9 /* app-modules */ = {
			isa = PBXGroup;
			children = (
				F973A7822721662F00F85FF9 /* notice-module */,
			);
			path = "app-modules";
			sourceTree = "<group>";
		};
		F973A7822721662F00F85FF9 /* notice-module */ = {
			isa = PBXGroup;
			children = (
				F973A79F2721675300F85FF9 /* New Group */,
				F973A7872721667300F85FF9 /* router */,
				F973A7862721666300F85FF9 /* protocols */,
				F973A7852721665700F85FF9 /* presenter */,
				F973A7842721664C00F85FF9 /* interactor */,
			);
			path = "notice-module";
			sourceTree = "<group>";
		};
		F973A7842721664C00F85FF9 /* interactor */ = {
			isa = PBXGroup;
			children = (
				F973A79C2721672300F85FF9 /* NoticeInteractor.swift */,
			);
			path = interactor;
			sourceTree = "<group>";
		};
		F973A7852721665700F85FF9 /* presenter */ = {
			isa = PBXGroup;
			children = (
				F973A799272166FB00F85FF9 /* NoticePresenter.swift */,
			);
			path = presenter;
			sourceTree = "<group>";
		};
		F973A7862721666300F85FF9 /* protocols */ = {
			isa = PBXGroup;
			children = (
				F973A796272166E700F85FF9 /* NoticeProtocols.swift */,
			);
			path = protocols;
			sourceTree = "<group>";
		};
		F973A7872721667300F85FF9 /* router */ = {
			isa = PBXGroup;
			children = (
				F973A791272166CD00F85FF9 /* NoticeRouter.swift */,
			);
			path = router;
			sourceTree = "<group>";
		};
		F973A79F2721675300F85FF9 /* New Group */ = {
			isa = PBXGroup;
			children = (
				F973A7A02721676500F85FF9 /* NoticeModel.swift */,
			);
			path = "New Group";
			sourceTree = "<group>";
		};
/* End PBXGroup section */

/* Begin PBXNativeTarget section */
		F917932A271EAC2600B195C0 /* RestAPI-viper-iOS */ = {
			isa = PBXNativeTarget;
			buildConfigurationList = F917933F271EAC2900B195C0 /* Build configuration list for PBXNativeTarget "RestAPI-viper-iOS" */;
			buildPhases = (
				F98C57BD8FC0B095E2932371 /* [CP] Check Pods Manifest.lock */,
				F9179327271EAC2600B195C0 /* Sources */,
				F9179328271EAC2600B195C0 /* Frameworks */,
				F9179329271EAC2600B195C0 /* Resources */,
				931610799B5BC3C8777C7731 /* [CP] Embed Pods Frameworks */,
			);
			buildRules = (
			);
			dependencies = (
			);
			name = "RestAPI-viper-iOS";
			productName = "RestAPI-viper-iOS";
			productReference = F917932B271EAC2600B195C0 /* RestAPI-viper-iOS.app */;
			productType = "com.apple.product-type.application";
		};
/* End PBXNativeTarget section */

/* Begin PBXProject section */
		F9179323271EAC2600B195C0 /* Project object */ = {
			isa = PBXProject;
			attributes = {
				LastSwiftUpdateCheck = 1240;
				LastUpgradeCheck = 1240;
				TargetAttributes = {
					F917932A271EAC2600B195C0 = {
						CreatedOnToolsVersion = 12.4;
					};
				};
			};
			buildConfigurationList = F9179326271EAC2600B195C0 /* Build configuration list for PBXProject "RestAPI-viper-iOS" */;
			compatibilityVersion = "Xcode 9.3";
			developmentRegion = en;
			hasScannedForEncodings = 0;
			knownRegions = (
				en,
				Base,
			);
			mainGroup = F9179322271EAC2600B195C0;
			productRefGroup = F917932C271EAC2600B195C0 /* Products */;
			projectDirPath = "";
			projectRoot = "";
			targets = (
				F917932A271EAC2600B195C0 /* RestAPI-viper-iOS */,
			);
		};
/* End PBXProject section */

/* Begin PBXResourcesBuildPhase section */
		F9179329271EAC2600B195C0 /* Resources */ = {
			isa = PBXResourcesBuildPhase;
			buildActionMask = 2147483647;
			files = (
				F917933B271EAC2900B195C0 /* LaunchScreen.storyboard in Resources */,
				F9179338271EAC2900B195C0 /* Assets.xcassets in Resources */,
				F9179336271EAC2600B195C0 /* Main.storyboard in Resources */,
			);
			runOnlyForDeploymentPostprocessing = 0;
		};
/* End PBXResourcesBuildPhase section */

/* Begin PBXShellScriptBuildPhase section */
		931610799B5BC3C8777C7731 /* [CP] Embed Pods Frameworks */ = {
			isa = PBXShellScriptBuildPhase;
			buildActionMask = 2147483647;
			files = (
			);
			inputFileListPaths = (
				"${PODS_ROOT}/Target Support Files/Pods-RestAPI-viper-iOS/Pods-RestAPI-viper-iOS-frameworks-${CONFIGURATION}-input-files.xcfilelist",
			);
			name = "[CP] Embed Pods Frameworks";
			outputFileListPaths = (
				"${PODS_ROOT}/Target Support Files/Pods-RestAPI-viper-iOS/Pods-RestAPI-viper-iOS-frameworks-${CONFIGURATION}-output-files.xcfilelist",
			);
			runOnlyForDeploymentPostprocessing = 0;
			shellPath = /bin/sh;
			shellScript = "\"${PODS_ROOT}/Target Support Files/Pods-RestAPI-viper-iOS/Pods-RestAPI-viper-iOS-frameworks.sh\"\n";
			showEnvVarsInLog = 0;
		};
		F98C57BD8FC0B095E2932371 /* [CP] Check Pods Manifest.lock */ = {
			isa = PBXShellScriptBuildPhase;
			buildActionMask = 2147483647;
			files = (
			);
			inputFileListPaths = (
			);
			inputPaths = (
				"${PODS_PODFILE_DIR_PATH}/Podfile.lock",
				"${PODS_ROOT}/Manifest.lock",
			);
			name = "[CP] Check Pods Manifest.lock";
			outputFileListPaths = (
			);
			outputPaths = (
				"$(DERIVED_FILE_DIR)/Pods-RestAPI-viper-iOS-checkManifestLockResult.txt",
			);
			runOnlyForDeploymentPostprocessing = 0;
			shellPath = /bin/sh;
			shellScript = "diff \"${PODS_PODFILE_DIR_PATH}/Podfile.lock\" \"${PODS_ROOT}/Manifest.lock\" > /dev/null\nif [ $? != 0 ] ; then\n    # print error to STDERR\n    echo \"error: The sandbox is not in sync with the Podfile.lock. Run 'pod install' or update your CocoaPods installation.\" >&2\n    exit 1\nfi\n# This output is used by Xcode 'outputs' to avoid re-running this script phase.\necho \"SUCCESS\" > \"${SCRIPT_OUTPUT_FILE_0}\"\n";
			showEnvVarsInLog = 0;
		};
/* End PBXShellScriptBuildPhase section */

/* Begin PBXSourcesBuildPhase section */
		F9179327271EAC2600B195C0 /* Sources */ = {
			isa = PBXSourcesBuildPhase;
			buildActionMask = 2147483647;
			files = (
				F973A779272164D500F85FF9 /* AppUtils.swift in Sources */,
				F9179333271EAC2600B195C0 /* ViewController.swift in Sources */,
				F973A79D2721672300F85FF9 /* NoticeInteractor.swift in Sources */,
				F917932F271EAC2600B195C0 /* AppDelegate.swift in Sources */,
				F973A7A12721676500F85FF9 /* NoticeModel.swift in Sources */,
				F9179331271EAC2600B195C0 /* SceneDelegate.swift in Sources */,
				F973A797272166E700F85FF9 /* NoticeProtocols.swift in Sources */,
				F973A792272166CD00F85FF9 /* NoticeRouter.swift in Sources */,
				F973A79A272166FB00F85FF9 /* NoticePresenter.swift in Sources */,
				F973A77D2721650200F85FF9 /* ProgressIndicator.swift in Sources */,
				F973A774272164A700F85FF9 /* AppConstants.swift in Sources */,
			);
			runOnlyForDeploymentPostprocessing = 0;
		};
/* End PBXSourcesBuildPhase section */

/* Begin PBXVariantGroup section */
		F9179334271EAC2600B195C0 /* Main.storyboard */ = {
			isa = PBXVariantGroup;
			children = (
				F9179335271EAC2600B195C0 /* Base */,
			);
			name = Main.storyboard;
			sourceTree = "<group>";
		};
		F9179339271EAC2900B195C0 /* LaunchScreen.storyboard */ = {
			isa = PBXVariantGroup;
			children = (
				F917933A271EAC2900B195C0 /* Base */,
			);
			name = LaunchScreen.storyboard;
			sourceTree = "<group>";
		};
/* End PBXVariantGroup section */

/* Begin XCBuildConfiguration section */
		F917933D271EAC2900B195C0 /* Debug */ = {
			isa = XCBuildConfiguration;
			buildSettings = {
				ALWAYS_SEARCH_USER_PATHS = NO;
				CLANG_ANALYZER_NONNULL = YES;
				CLANG_ANALYZER_NUMBER_OBJECT_CONVERSION = YES_AGGRESSIVE;
				CLANG_CXX_LANGUAGE_STANDARD = "gnu++14";
				CLANG_CXX_LIBRARY = "libc++";
				CLANG_ENABLE_MODULES = YES;
				CLANG_ENABLE_OBJC_ARC = YES;
				CLANG_ENABLE_OBJC_WEAK = YES;
				CLANG_WARN_BLOCK_CAPTURE_AUTORELEASING = YES;
				CLANG_WARN_BOOL_CONVERSION = YES;
				CLANG_WARN_COMMA = YES;
				CLANG_WARN_CONSTANT_CONVERSION = YES;
				CLANG_WARN_DEPRECATED_OBJC_IMPLEMENTATIONS = YES;
				CLANG_WARN_DIRECT_OBJC_ISA_USAGE = YES_ERROR;
				CLANG_WARN_DOCUMENTATION_COMMENTS = YES;
				CLANG_WARN_EMPTY_BODY = YES;
				CLANG_WARN_ENUM_CONVERSION = YES;
				CLANG_WARN_INFINITE_RECURSION = YES;
				CLANG_WARN_INT_CONVERSION = YES;
				CLANG_WARN_NON_LITERAL_NULL_CONVERSION = YES;
				CLANG_WARN_OBJC_IMPLICIT_RETAIN_SELF = YES;
				CLANG_WARN_OBJC_LITERAL_CONVERSION = YES;
				CLANG_WARN_OBJC_ROOT_CLASS = YES_ERROR;
				CLANG_WARN_QUOTED_INCLUDE_IN_FRAMEWORK_HEADER = YES;
				CLANG_WARN_RANGE_LOOP_ANALYSIS = YES;
				CLANG_WARN_STRICT_PROTOTYPES = YES;
				CLANG_WARN_SUSPICIOUS_MOVE = YES;
				CLANG_WARN_UNGUARDED_AVAILABILITY = YES_AGGRESSIVE;
				CLANG_WARN_UNREACHABLE_CODE = YES;
				CLANG_WARN__DUPLICATE_METHOD_MATCH = YES;
				COPY_PHASE_STRIP = NO;
				DEBUG_INFORMATION_FORMAT = dwarf;
				ENABLE_STRICT_OBJC_MSGSEND = YES;
				ENABLE_TESTABILITY = YES;
				GCC_C_LANGUAGE_STANDARD = gnu11;
				GCC_DYNAMIC_NO_PIC = NO;
				GCC_NO_COMMON_BLOCKS = YES;
				GCC_OPTIMIZATION_LEVEL = 0;
				GCC_PREPROCESSOR_DEFINITIONS = (
					"DEBUG=1",
					"$(inherited)",
				);
				GCC_WARN_64_TO_32_BIT_CONVERSION = YES;
				GCC_WARN_ABOUT_RETURN_TYPE = YES_ERROR;
				GCC_WARN_UNDECLARED_SELECTOR = YES;
				GCC_WARN_UNINITIALIZED_AUTOS = YES_AGGRESSIVE;
				GCC_WARN_UNUSED_FUNCTION = YES;
				GCC_WARN_UNUSED_VARIABLE = YES;
				IPHONEOS_DEPLOYMENT_TARGET = 14.4;
				MTL_ENABLE_DEBUG_INFO = INCLUDE_SOURCE;
				MTL_FAST_MATH = YES;
				ONLY_ACTIVE_ARCH = YES;
				SDKROOT = iphoneos;
				SWIFT_ACTIVE_COMPILATION_CONDITIONS = DEBUG;
				SWIFT_INSTALL_OBJC_HEADER = NO;
				SWIFT_OPTIMIZATION_LEVEL = "-Onone";
			};
			name = Debug;
		};
		F917933E271EAC2900B195C0 /* Release */ = {
			isa = XCBuildConfiguration;
			buildSettings = {
				ALWAYS_SEARCH_USER_PATHS = NO;
				CLANG_ANALYZER_NONNULL = YES;
				CLANG_ANALYZER_NUMBER_OBJECT_CONVERSION = YES_AGGRESSIVE;
				CLANG_CXX_LANGUAGE_STANDARD = "gnu++14";
				CLANG_CXX_LIBRARY = "libc++";
				CLANG_ENABLE_MODULES = YES;
				CLANG_ENABLE_OBJC_ARC = YES;
				CLANG_ENABLE_OBJC_WEAK = YES;
				CLANG_WARN_BLOCK_CAPTURE_AUTORELEASING = YES;
				CLANG_WARN_BOOL_CONVERSION = YES;
				CLANG_WARN_COMMA = YES;
				CLANG_WARN_CONSTANT_CONVERSION = YES;
				CLANG_WARN_DEPRECATED_OBJC_IMPLEMENTATIONS = YES;
				CLANG_WARN_DIRECT_OBJC_ISA_USAGE = YES_ERROR;
				CLANG_WARN_DOCUMENTATION_COMMENTS = YES;
				CLANG_WARN_EMPTY_BODY = YES;
				CLANG_WARN_ENUM_CONVERSION = YES;
				CLANG_WARN_INFINITE_RECURSION = YES;
				CLANG_WARN_INT_CONVERSION = YES;
				CLANG_WARN_NON_LITERAL_NULL_CONVERSION = YES;
				CLANG_WARN_OBJC_IMPLICIT_RETAIN_SELF = YES;
				CLANG_WARN_OBJC_LITERAL_CONVERSION = YES;
				CLANG_WARN_OBJC_ROOT_CLASS = YES_ERROR;
				CLANG_WARN_QUOTED_INCLUDE_IN_FRAMEWORK_HEADER = YES;
				CLANG_WARN_RANGE_LOOP_ANALYSIS = YES;
				CLANG_WARN_STRICT_PROTOTYPES = YES;
				CLANG_WARN_SUSPICIOUS_MOVE = YES;
				CLANG_WARN_UNGUARDED_AVAILABILITY = YES_AGGRESSIVE;
				CLANG_WARN_UNREACHABLE_CODE = YES;
				CLANG_WARN__DUPLICATE_METHOD_MATCH = YES;
				COPY_PHASE_STRIP = NO;
				DEBUG_INFORMATION_FORMAT = "dwarf-with-dsym";
				ENABLE_NS_ASSERTIONS = NO;
				ENABLE_STRICT_OBJC_MSGSEND = YES;
				GCC_C_LANGUAGE_STANDARD = gnu11;
				GCC_NO_COMMON_BLOCKS = YES;
				GCC_WARN_64_TO_32_BIT_CONVERSION = YES;
				GCC_WARN_ABOUT_RETURN_TYPE = YES_ERROR;
				GCC_WARN_UNDECLARED_SELECTOR = YES;
				GCC_WARN_UNINITIALIZED_AUTOS = YES_AGGRESSIVE;
				GCC_WARN_UNUSED_FUNCTION = YES;
				GCC_WARN_UNUSED_VARIABLE = YES;
				IPHONEOS_DEPLOYMENT_TARGET = 14.4;
				MTL_ENABLE_DEBUG_INFO = NO;
				MTL_FAST_MATH = YES;
				SDKROOT = iphoneos;
				SWIFT_COMPILATION_MODE = wholemodule;
				SWIFT_INSTALL_OBJC_HEADER = NO;
				SWIFT_OPTIMIZATION_LEVEL = "-O";
				VALIDATE_PRODUCT = YES;
			};
			name = Release;
		};
		F9179340271EAC2900B195C0 /* Debug */ = {
			isa = XCBuildConfiguration;
			baseConfigurationReference = 1EBAD270DE31ADEE5205078D /* Pods-RestAPI-viper-iOS.debug.xcconfig */;
			buildSettings = {
				ASSETCATALOG_COMPILER_APPICON_NAME = AppIcon;
				ASSETCATALOG_COMPILER_GLOBAL_ACCENT_COLOR_NAME = AccentColor;
				CODE_SIGN_STYLE = Automatic;
				INFOPLIST_FILE = "RestAPI-viper-iOS/Info.plist";
				LD_RUNPATH_SEARCH_PATHS = (
					"$(inherited)",
					"@executable_path/Frameworks",
				);
				PRODUCT_BUNDLE_IDENTIFIER = com.ashok.restapi;
				PRODUCT_NAME = "$(TARGET_NAME)";
				SWIFT_VERSION = 5.0;
				TARGETED_DEVICE_FAMILY = "1,2";
			};
			name = Debug;
		};
		F9179341271EAC2900B195C0 /* Release */ = {
			isa = XCBuildConfiguration;
			baseConfigurationReference = 64F828B42DD863DAE4253FCC /* Pods-RestAPI-viper-iOS.release.xcconfig */;
			buildSettings = {
				ASSETCATALOG_COMPILER_APPICON_NAME = AppIcon;
				ASSETCATALOG_COMPILER_GLOBAL_ACCENT_COLOR_NAME = AccentColor;
				CODE_SIGN_STYLE = Automatic;
				INFOPLIST_FILE = "RestAPI-viper-iOS/Info.plist";
				LD_RUNPATH_SEARCH_PATHS = (
					"$(inherited)",
					"@executable_path/Frameworks",
				);
				PRODUCT_BUNDLE_IDENTIFIER = com.ashok.restapi;
				PRODUCT_NAME = "$(TARGET_NAME)";
				SWIFT_VERSION = 5.0;
				TARGETED_DEVICE_FAMILY = "1,2";
			};
			name = Release;
		};
/* End XCBuildConfiguration section */

/* Begin XCConfigurationList section */
		F9179326271EAC2600B195C0 /* Build configuration list for PBXProject "RestAPI-viper-iOS" */ = {
			isa = XCConfigurationList;
			buildConfigurations = (
				F917933D271EAC2900B195C0 /* Debug */,
				F917933E271EAC2900B195C0 /* Release */,
			);
			defaultConfigurationIsVisible = 0;
			defaultConfigurationName = Release;
		};
		F917933F271EAC2900B195C0 /* Build configuration list for PBXNativeTarget "RestAPI-viper-iOS" */ = {
			isa = XCConfigurationList;
			buildConfigurations = (
				F9179340271EAC2900B195C0 /* Debug */,
				F9179341271EAC2900B195C0 /* Release */,
			);
			defaultConfigurationIsVisible = 0;
			defaultConfigurationName = Release;
		};
/* End XCConfigurationList section */
	};
	rootObject = F9179323271EAC2600B195C0 /* Project object */;
}
